
Microsoft Visual Studio Solution File, Format Version 12.00
# Visual Studio Version 17
VisualStudioVersion = 17.13.35825.156 d17.13
MinimumVisualStudioVersion = 10.0.40219.1
Project("{FAE04EC0-301F-11D3-BF4B-00C04F79EFBC}") = "AppPruebaGit", "AppPruebaGit\AppPruebaGit.csproj", "{540B24D0-7641-4A3B-A019-A23F38B26F73}"
EndProject
Global
	GlobalSection(SolutionConfigurationPlatforms) = preSolution
		Debug|Any CPU = Debug|Any CPU
		Release|Any CPU = Release|Any CPU
	EndGlobalSection
	GlobalSection(ProjectConfigurationPlatforms) = postSolution
		{540B24D0-7641-4A3B-A019-A23F38B26F73}.Debug|Any CPU.ActiveCfg = Debug|Any CPU
		{540B24D0-7641-4A3B-A019-A23F38B26F73}.Debug|Any CPU.Build.0 = Debug|Any CPU
		{540B24D0-7641-4A3B-A019-A23F38B26F73}.Release|Any CPU.ActiveCfg = Release|Any CPU
		{540B24D0-7641-4A3B-A019-A23F38B26F73}.Release|Any CPU.Build.0 = Release|Any CPU
	EndGlobalSection
	GlobalSection(SolutionProperties) = preSolution
		HideSolutionNode = FALSE
	EndGlobalSection
	GlobalSection(ExtensibilityGlobals) = postSolution
		SolutionGuid = {87B6D3C2-CFED-4C0C-84F3-DE1FD04C1519}
	EndGlobalSection
EndGlobal
